<?xml version="1.0" encoding="UTF-8"?>
<!DOCTYPE plist PUBLIC "-//Apple//DTD PLIST 1.0//EN" "http://www.apple.com/DTDs/PropertyList-1.0.dtd">
<plist version="1.0">
<dict>
	<key>archiveVersion</key>
	<string>1</string>
	<key>classes</key>
	<dict/>
	<key>objectVersion</key>
	<string>46</string>
	<key>objects</key>
	<dict>
		<key>46C2CF7C0854473EBC145987</key>
		<dict>
			<key>explicitFileType</key>
			<string>archive.ar</string>
			<key>includeInIndex</key>
			<string>0</string>
			<key>isa</key>
			<string>PBXFileReference</string>
			<key>path</key>
			<string>libPods.a</string>
			<key>sourceTree</key>
			<string>BUILT_PRODUCTS_DIR</string>
		</dict>
		<key>84005AA617B187D0005B18C1</key>
		<dict>
			<key>isa</key>
			<string>PBXFileReference</string>
			<key>lastKnownFileType</key>
			<string>image.png</string>
			<key>path</key>
			<string>textfieldbackground.png</string>
			<key>sourceTree</key>
			<string>&lt;group&gt;</string>
		</dict>
		<key>84005AA717B187D0005B18C1</key>
		<dict>
			<key>fileRef</key>
			<string>84005AA617B187D0005B18C1</string>
			<key>isa</key>
			<string>PBXBuildFile</string>
		</dict>
		<key>84005AA817B188AE005B18C1</key>
		<dict>
			<key>isa</key>
			<string>PBXFileReference</string>
			<key>lastKnownFileType</key>
			<string>image.png</string>
			<key>path</key>
			<string>paymentButton.png</string>
			<key>sourceTree</key>
			<string>&lt;group&gt;</string>
		</dict>
		<key>84005AA917B188AE005B18C1</key>
		<dict>
			<key>isa</key>
			<string>PBXFileReference</string>
			<key>lastKnownFileType</key>
			<string>image.png</string>
			<key>path</key>
			<string>paymentButton(active).png</string>
			<key>sourceTree</key>
			<string>&lt;group&gt;</string>
		</dict>
		<key>84005AAA17B188AE005B18C1</key>
		<dict>
			<key>fileRef</key>
			<string>84005AA817B188AE005B18C1</string>
			<key>isa</key>
			<string>PBXBuildFile</string>
		</dict>
		<key>84005AAB17B188AE005B18C1</key>
		<dict>
			<key>fileRef</key>
			<string>84005AA917B188AE005B18C1</string>
			<key>isa</key>
			<string>PBXBuildFile</string>
		</dict>
		<key>84005AAC17B189A9005B18C1</key>
		<dict>
			<key>children</key>
			<array/>
			<key>isa</key>
			<string>PBXGroup</string>
			<key>name</key>
			<string>Balance Remaining</string>
			<key>sourceTree</key>
			<string>&lt;group&gt;</string>
		</dict>
		<key>84005AAD17B1C7E1005B18C1</key>
		<dict>
			<key>children</key>
			<array>
				<string>84005AAE17B1C7FC005B18C1</string>
				<string>84005AAF17B1C7FC005B18C1</string>
			</array>
			<key>isa</key>
			<string>PBXGroup</string>
			<key>name</key>
			<string>Popover Layer</string>
			<key>sourceTree</key>
			<string>&lt;group&gt;</string>
		</dict>
		<key>84005AAE17B1C7FC005B18C1</key>
		<dict>
			<key>fileEncoding</key>
			<string>4</string>
			<key>isa</key>
			<string>PBXFileReference</string>
			<key>lastKnownFileType</key>
			<string>sourcecode.c.h</string>
			<key>path</key>
			<string>CFPMasterPopoverViewController.h</string>
			<key>sourceTree</key>
			<string>&lt;group&gt;</string>
		</dict>
		<key>84005AAF17B1C7FC005B18C1</key>
		<dict>
			<key>fileEncoding</key>
			<string>4</string>
			<key>isa</key>
			<string>PBXFileReference</string>
			<key>lastKnownFileType</key>
			<string>sourcecode.c.objc</string>
			<key>path</key>
			<string>CFPMasterPopoverViewController.m</string>
			<key>sourceTree</key>
			<string>&lt;group&gt;</string>
		</dict>
		<key>84005AB017B1C7FC005B18C1</key>
		<dict>
			<key>fileRef</key>
			<string>84005AAF17B1C7FC005B18C1</string>
			<key>isa</key>
			<string>PBXBuildFile</string>
		</dict>
		<key>840CAF3717A8595200843345</key>
		<dict>
			<key>fileEncoding</key>
			<string>4</string>
			<key>isa</key>
			<string>PBXFileReference</string>
			<key>lastKnownFileType</key>
			<string>sourcecode.c.h</string>
			<key>path</key>
			<string>CFPAddPaymentViewController.h</string>
			<key>sourceTree</key>
			<string>&lt;group&gt;</string>
		</dict>
		<key>840CAF3817A8595200843345</key>
		<dict>
			<key>fileEncoding</key>
			<string>4</string>
			<key>isa</key>
			<string>PBXFileReference</string>
			<key>lastKnownFileType</key>
			<string>sourcecode.c.objc</string>
			<key>path</key>
			<string>CFPAddPaymentViewController.m</string>
			<key>sourceTree</key>
			<string>&lt;group&gt;</string>
		</dict>
		<key>840CAF3917A8595200843345</key>
		<dict>
			<key>fileRef</key>
			<string>840CAF3817A8595200843345</string>
			<key>isa</key>
			<string>PBXBuildFile</string>
		</dict>
		<key>840CAF3A17A8595D00843345</key>
		<dict>
			<key>children</key>
			<array>
				<string>840CAF3717A8595200843345</string>
				<string>840CAF3817A8595200843345</string>
			</array>
			<key>isa</key>
			<string>PBXGroup</string>
			<key>name</key>
			<string>Add Payment Button</string>
			<key>sourceTree</key>
			<string>&lt;group&gt;</string>
		</dict>
		<key>840CAF3B17A85D5B00843345</key>
		<dict>
			<key>isa</key>
			<string>PBXFileReference</string>
			<key>lastKnownFileType</key>
			<string>image.png</string>
			<key>path</key>
			<string>addPayment-button.png</string>
			<key>sourceTree</key>
			<string>&lt;group&gt;</string>
		</dict>
		<key>840CAF3C17A85D5B00843345</key>
		<dict>
			<key>isa</key>
			<string>PBXFileReference</string>
			<key>lastKnownFileType</key>
			<string>image.png</string>
			<key>path</key>
			<string>addPayment-button(active).png</string>
			<key>sourceTree</key>
			<string>&lt;group&gt;</string>
		</dict>
		<key>840CAF3D17A85D5B00843345</key>
		<dict>
			<key>isa</key>
			<string>PBXFileReference</string>
			<key>lastKnownFileType</key>
			<string>image.png</string>
			<key>path</key>
			<string>addPayment-button(active)@2x.png</string>
			<key>sourceTree</key>
			<string>&lt;group&gt;</string>
		</dict>
		<key>840CAF3E17A85D5B00843345</key>
		<dict>
			<key>isa</key>
			<string>PBXFileReference</string>
			<key>lastKnownFileType</key>
			<string>image.png</string>
			<key>path</key>
			<string>addPayment-button@2x.png</string>
			<key>sourceTree</key>
			<string>&lt;group&gt;</string>
		</dict>
		<key>840CAF3F17A85D5B00843345</key>
		<dict>
			<key>fileRef</key>
			<string>840CAF3B17A85D5B00843345</string>
			<key>isa</key>
			<string>PBXBuildFile</string>
		</dict>
		<key>840CAF4017A85D5B00843345</key>
		<dict>
			<key>fileRef</key>
			<string>840CAF3C17A85D5B00843345</string>
			<key>isa</key>
			<string>PBXBuildFile</string>
		</dict>
		<key>840CAF4117A85D5B00843345</key>
		<dict>
			<key>fileRef</key>
			<string>840CAF3D17A85D5B00843345</string>
			<key>isa</key>
			<string>PBXBuildFile</string>
		</dict>
		<key>840CAF4217A85D5B00843345</key>
		<dict>
			<key>fileRef</key>
			<string>840CAF3E17A85D5B00843345</string>
			<key>isa</key>
			<string>PBXBuildFile</string>
		</dict>
		<key>840CAF4317A865EE00843345</key>
		<dict>
			<key>fileEncoding</key>
			<string>4</string>
			<key>isa</key>
			<string>PBXFileReference</string>
			<key>lastKnownFileType</key>
			<string>sourcecode.c.h</string>
			<key>path</key>
			<string>CFPMainMenuViewController.h</string>
			<key>sourceTree</key>
			<string>&lt;group&gt;</string>
		</dict>
		<key>840CAF4417A865EE00843345</key>
		<dict>
			<key>fileEncoding</key>
			<string>4</string>
			<key>isa</key>
			<string>PBXFileReference</string>
			<key>lastKnownFileType</key>
			<string>sourcecode.c.objc</string>
			<key>path</key>
			<string>CFPMainMenuViewController.m</string>
			<key>sourceTree</key>
			<string>&lt;group&gt;</string>
		</dict>
		<key>840CAF4517A865EE00843345</key>
		<dict>
			<key>fileRef</key>
			<string>840CAF4417A865EE00843345</string>
			<key>isa</key>
			<string>PBXBuildFile</string>
		</dict>
		<key>840CAF4617A88F1A00843345</key>
		<dict>
			<key>fileEncoding</key>
			<string>4</string>
			<key>isa</key>
			<string>PBXFileReference</string>
			<key>lastKnownFileType</key>
			<string>file.storyboard</string>
			<key>path</key>
			<string>RecentOrdersStoryboard.storyboard</string>
			<key>sourceTree</key>
			<string>&lt;group&gt;</string>
		</dict>
		<key>840CAF4717A88F1A00843345</key>
		<dict>
			<key>fileRef</key>
			<string>840CAF4617A88F1A00843345</string>
			<key>isa</key>
			<string>PBXBuildFile</string>
		</dict>
		<key>840CAF4817A890CF00843345</key>
		<dict>
			<key>isa</key>
			<string>PBXFileReference</string>
			<key>lastKnownFileType</key>
			<string>image.png</string>
			<key>path</key>
			<string>headerBackgroundImage.png</string>
			<key>sourceTree</key>
			<string>&lt;group&gt;</string>
		</dict>
		<key>840CAF4917A890CF00843345</key>
		<dict>
			<key>fileRef</key>
			<string>840CAF4817A890CF00843345</string>
			<key>isa</key>
			<string>PBXBuildFile</string>
		</dict>
		<key>840CAF4A17A8927C00843345</key>
		<dict>
			<key>isa</key>
			<string>PBXFileReference</string>
			<key>lastKnownFileType</key>
			<string>image.png</string>
			<key>path</key>
			<string>leftTableViewWrapper.png</string>
			<key>sourceTree</key>
			<string>&lt;group&gt;</string>
		</dict>
		<key>840CAF4B17A8927C00843345</key>
		<dict>
			<key>fileRef</key>
			<string>840CAF4A17A8927C00843345</string>
			<key>isa</key>
			<string>PBXBuildFile</string>
		</dict>
		<key>840CAF4C17A8938D00843345</key>
		<dict>
			<key>isa</key>
			<string>PBXFileReference</string>
			<key>lastKnownFileType</key>
			<string>image.png</string>
			<key>path</key>
			<string>searchBarBackgroundImage.png</string>
			<key>sourceTree</key>
			<string>&lt;group&gt;</string>
		</dict>
		<key>840CAF4D17A8938D00843345</key>
		<dict>
			<key>fileRef</key>
			<string>840CAF4C17A8938D00843345</string>
			<key>isa</key>
			<string>PBXBuildFile</string>
		</dict>
		<key>840CAF4E17A89B2B00843345</key>
		<dict>
			<key>isa</key>
			<string>PBXFileReference</string>
			<key>lastKnownFileType</key>
			<string>image.png</string>
			<key>path</key>
			<string>magnifyingGlass.png</string>
			<key>sourceTree</key>
			<string>&lt;group&gt;</string>
		</dict>
		<key>840CAF4F17A89B2B00843345</key>
		<dict>
			<key>fileRef</key>
			<string>840CAF4E17A89B2B00843345</string>
			<key>isa</key>
			<string>PBXBuildFile</string>
		</dict>
		<key>840CAF5117A995E200843345</key>
		<dict>
			<key>isa</key>
			<string>PBXFileReference</string>
			<key>lastKnownFileType</key>
			<string>image.png</string>
			<key>path</key>
			<string>completedorders_icon.png</string>
			<key>sourceTree</key>
			<string>&lt;group&gt;</string>
		</dict>
		<key>840CAF5217A995E200843345</key>
		<dict>
			<key>isa</key>
			<string>PBXFileReference</string>
			<key>lastKnownFileType</key>
			<string>image.png</string>
			<key>path</key>
			<string>completedorders_icon(active).png</string>
			<key>sourceTree</key>
			<string>&lt;group&gt;</string>
		</dict>
		<key>840CAF5317A995E200843345</key>
		<dict>
			<key>isa</key>
			<string>PBXFileReference</string>
			<key>lastKnownFileType</key>
			<string>image.png</string>
			<key>path</key>
			<string>homebutton.png</string>
			<key>sourceTree</key>
			<string>&lt;group&gt;</string>
		</dict>
		<key>840CAF5417A995E200843345</key>
		<dict>
			<key>isa</key>
			<string>PBXFileReference</string>
			<key>lastKnownFileType</key>
			<string>image.png</string>
			<key>path</key>
			<string>homebutton(active).png</string>
			<key>sourceTree</key>
			<string>&lt;group&gt;</string>
		</dict>
		<key>840CAF5517A995E200843345</key>
		<dict>
			<key>isa</key>
			<string>PBXFileReference</string>
			<key>lastKnownFileType</key>
			<string>image.png</string>
			<key>path</key>
			<string>openorders_icon.png</string>
			<key>sourceTree</key>
			<string>&lt;group&gt;</string>
		</dict>
		<key>840CAF5617A995E200843345</key>
		<dict>
			<key>isa</key>
			<string>PBXFileReference</string>
			<key>lastKnownFileType</key>
			<string>image.png</string>
			<key>path</key>
			<string>openorders_icon(active).png</string>
			<key>sourceTree</key>
			<string>&lt;group&gt;</string>
		</dict>
		<key>840CAF5717A995E300843345</key>
		<dict>
			<key>fileRef</key>
			<string>840CAF5117A995E200843345</string>
			<key>isa</key>
			<string>PBXBuildFile</string>
		</dict>
		<key>840CAF5817A995E300843345</key>
		<dict>
			<key>fileRef</key>
			<string>840CAF5217A995E200843345</string>
			<key>isa</key>
			<string>PBXBuildFile</string>
		</dict>
		<key>840CAF5917A995E300843345</key>
		<dict>
			<key>fileRef</key>
			<string>840CAF5317A995E200843345</string>
			<key>isa</key>
			<string>PBXBuildFile</string>
		</dict>
		<key>840CAF5A17A995E300843345</key>
		<dict>
			<key>fileRef</key>
			<string>840CAF5417A995E200843345</string>
			<key>isa</key>
			<string>PBXBuildFile</string>
		</dict>
		<key>840CAF5B17A995E300843345</key>
		<dict>
			<key>fileRef</key>
			<string>840CAF5517A995E200843345</string>
			<key>isa</key>
			<string>PBXBuildFile</string>
		</dict>
		<key>840CAF5C17A995E300843345</key>
		<dict>
			<key>fileRef</key>
			<string>840CAF5617A995E200843345</string>
			<key>isa</key>
			<string>PBXBuildFile</string>
		</dict>
		<key>840CAF5F17A9B73700843345</key>
		<dict>
			<key>isa</key>
			<string>PBXFileReference</string>
			<key>lastKnownFileType</key>
			<string>image.png</string>
			<key>path</key>
			<string>swipebuttonbackground.png</string>
			<key>sourceTree</key>
			<string>&lt;group&gt;</string>
		</dict>
		<key>840CAF6017A9B73800843345</key>
		<dict>
			<key>fileRef</key>
			<string>840CAF5F17A9B73700843345</string>
			<key>isa</key>
			<string>PBXBuildFile</string>
		</dict>
		<key>840CAF6117A9B88900843345</key>
		<dict>
			<key>isa</key>
			<string>PBXFileReference</string>
			<key>lastKnownFileType</key>
			<string>image.png</string>
			<key>path</key>
			<string>slidebarselectionimage.png</string>
			<key>sourceTree</key>
			<string>&lt;group&gt;</string>
		</dict>
		<key>840CAF6217A9B88A00843345</key>
		<dict>
			<key>fileRef</key>
			<string>840CAF6117A9B88900843345</string>
			<key>isa</key>
			<string>PBXBuildFile</string>
		</dict>
		<key>840CAF6717A9C05000843345</key>
		<dict>
			<key>isa</key>
			<string>PBXFileReference</string>
			<key>lastKnownFileType</key>
			<string>image.png</string>
			<key>path</key>
			<string>buttonselectionhighlightimage.png</string>
			<key>sourceTree</key>
			<string>&lt;group&gt;</string>
		</dict>
		<key>840CAF6817A9C05100843345</key>
		<dict>
			<key>fileRef</key>
			<string>840CAF6717A9C05000843345</string>
			<key>isa</key>
			<string>PBXBuildFile</string>
		</dict>
		<key>840CAF6917A9C32300843345</key>
		<dict>
			<key>fileEncoding</key>
			<string>4</string>
			<key>isa</key>
			<string>PBXFileReference</string>
			<key>lastKnownFileType</key>
			<string>file.storyboard</string>
			<key>path</key>
			<string>MultipaymentStoryboard.storyboard</string>
			<key>sourceTree</key>
			<string>&lt;group&gt;</string>
		</dict>
		<key>840CAF6A17A9C32300843345</key>
		<dict>
			<key>fileRef</key>
			<string>840CAF6917A9C32300843345</string>
			<key>isa</key>
			<string>PBXBuildFile</string>
		</dict>
		<key>840CAF6B17A9C34B00843345</key>
		<dict>
			<key>children</key>
			<array>
				<string>84005AAD17B1C7E1005B18C1</string>
				<string>84A7E58E179F14A8002CE6FD</string>
				<string>84A7E58F179F14A8002CE6FD</string>
				<string>84005AAC17B189A9005B18C1</string>
				<string>840CAF3A17A8595D00843345</string>
				<string>840CAF6917A9C32300843345</string>
			</array>
			<key>isa</key>
			<string>PBXGroup</string>
			<key>name</key>
			<string>Multiple Payment Flow</string>
			<key>sourceTree</key>
			<string>&lt;group&gt;</string>
		</dict>
		<key>840CAF6C17A9C35C00843345</key>
		<dict>
			<key>children</key>
			<array>
				<string>840CAF4617A88F1A00843345</string>
				<string>840CAF6D17A9E43100843345</string>
				<string>840CAF6E17A9E43100843345</string>
				<string>841AA7BB17AB21620070858D</string>
			</array>
			<key>isa</key>
			<string>PBXGroup</string>
			<key>name</key>
			<string>Recent Order Storyboard</string>
			<key>sourceTree</key>
			<string>&lt;group&gt;</string>
		</dict>
		<key>840CAF6D17A9E43100843345</key>
		<dict>
			<key>fileEncoding</key>
			<string>4</string>
			<key>isa</key>
			<string>PBXFileReference</string>
			<key>lastKnownFileType</key>
			<string>sourcecode.c.h</string>
			<key>path</key>
			<string>CFPRecentOrderViewController.h</string>
			<key>sourceTree</key>
			<string>&lt;group&gt;</string>
		</dict>
		<key>840CAF6E17A9E43100843345</key>
		<dict>
			<key>fileEncoding</key>
			<string>4</string>
			<key>isa</key>
			<string>PBXFileReference</string>
			<key>lastKnownFileType</key>
			<string>sourcecode.c.objc</string>
			<key>path</key>
			<string>CFPRecentOrderViewController.m</string>
			<key>sourceTree</key>
			<string>&lt;group&gt;</string>
		</dict>
		<key>840CAF6F17A9E43100843345</key>
		<dict>
			<key>fileRef</key>
			<string>840CAF6E17A9E43100843345</string>
			<key>isa</key>
			<string>PBXBuildFile</string>
		</dict>
		<key>841813E517B07495004D6306</key>
		<dict>
			<key>isa</key>
			<string>PBXFileReference</string>
			<key>lastKnownFileType</key>
			<string>image.png</string>
			<key>path</key>
			<string>informationcardbackground.png</string>
			<key>sourceTree</key>
			<string>&lt;group&gt;</string>
		</dict>
		<key>841813E617B07496004D6306</key>
		<dict>
			<key>fileRef</key>
			<string>841813E517B07495004D6306</string>
			<key>isa</key>
			<string>PBXBuildFile</string>
		</dict>
		<key>841AA7B317AAF0720070858D</key>
		<dict>
			<key>isa</key>
			<string>PBXFileReference</string>
			<key>lastKnownFileType</key>
			<string>image.png</string>
			<key>path</key>
			<string>tableheadersectionbackground.png</string>
			<key>sourceTree</key>
			<string>&lt;group&gt;</string>
		</dict>
		<key>841AA7B417AAF0720070858D</key>
		<dict>
			<key>fileRef</key>
			<string>841AA7B317AAF0720070858D</string>
			<key>isa</key>
			<string>PBXBuildFile</string>
		</dict>
		<key>841AA7B517AB06F40070858D</key>
		<dict>
			<key>isa</key>
			<string>PBXFileReference</string>
			<key>lastKnownFileType</key>
			<string>image.png</string>
			<key>path</key>
			<string>slidebuttonarrow.png</string>
			<key>sourceTree</key>
			<string>&lt;group&gt;</string>
		</dict>
		<key>841AA7B617AB06F40070858D</key>
		<dict>
			<key>fileRef</key>
			<string>841AA7B517AB06F40070858D</string>
			<key>isa</key>
			<string>PBXBuildFile</string>
		</dict>
		<key>841AA7B817AB215F0070858D</key>
		<dict>
			<key>fileEncoding</key>
			<string>4</string>
			<key>isa</key>
			<string>PBXFileReference</string>
			<key>lastKnownFileType</key>
			<string>sourcecode.c.h</string>
			<key>path</key>
			<string>CFPRecentOrderMasterInformationViewController.h</string>
			<key>sourceTree</key>
			<string>&lt;group&gt;</string>
		</dict>
		<key>841AA7B917AB215F0070858D</key>
		<dict>
			<key>fileEncoding</key>
			<string>4</string>
			<key>isa</key>
			<string>PBXFileReference</string>
			<key>lastKnownFileType</key>
			<string>sourcecode.c.objc</string>
			<key>path</key>
			<string>CFPRecentOrderMasterInformationViewController.m</string>
			<key>sourceTree</key>
			<string>&lt;group&gt;</string>
		</dict>
		<key>841AA7BA17AB215F0070858D</key>
		<dict>
			<key>fileRef</key>
			<string>841AA7B917AB215F0070858D</string>
			<key>isa</key>
			<string>PBXBuildFile</string>
		</dict>
		<key>841AA7BB17AB21620070858D</key>
		<dict>
			<key>children</key>
			<array>
				<string>841AA7B817AB215F0070858D</string>
				<string>841AA7B917AB215F0070858D</string>
				<string>841AA7BF17AB22200070858D</string>
				<string>841AA7C017AB2A750070858D</string>
				<string>841AA7C117AB2A7D0070858D</string>
				<string>841AA7C217AB2A820070858D</string>
			</array>
			<key>isa</key>
			<string>PBXGroup</string>
			<key>name</key>
			<string>Recent Order Information</string>
			<key>sourceTree</key>
			<string>&lt;group&gt;</string>
		</dict>
		<key>841AA7BC17AB221C0070858D</key>
		<dict>
			<key>fileEncoding</key>
			<string>4</string>
			<key>isa</key>
			<string>PBXFileReference</string>
			<key>lastKnownFileType</key>
			<string>sourcecode.c.h</string>
			<key>path</key>
			<string>CFPRecentOrderSummaryViewController.h</string>
			<key>sourceTree</key>
			<string>&lt;group&gt;</string>
		</dict>
		<key>841AA7BD17AB221C0070858D</key>
		<dict>
			<key>fileEncoding</key>
			<string>4</string>
			<key>isa</key>
			<string>PBXFileReference</string>
			<key>lastKnownFileType</key>
			<string>sourcecode.c.objc</string>
			<key>path</key>
			<string>CFPRecentOrderSummaryViewController.m</string>
			<key>sourceTree</key>
			<string>&lt;group&gt;</string>
		</dict>
		<key>841AA7BE17AB221C0070858D</key>
		<dict>
			<key>fileRef</key>
			<string>841AA7BD17AB221C0070858D</string>
			<key>isa</key>
			<string>PBXBuildFile</string>
		</dict>
		<key>841AA7BF17AB22200070858D</key>
		<dict>
			<key>children</key>
			<array>
				<string>841AA7BC17AB221C0070858D</string>
				<string>841AA7BD17AB221C0070858D</string>
			</array>
			<key>isa</key>
			<string>PBXGroup</string>
			<key>name</key>
			<string>Summary Information</string>
			<key>sourceTree</key>
			<string>&lt;group&gt;</string>
		</dict>
		<key>841AA7C017AB2A750070858D</key>
		<dict>
			<key>children</key>
			<array>
				<string>841AA7C317AB2AAF0070858D</string>
				<string>841AA7C417AB2AAF0070858D</string>
			</array>
			<key>isa</key>
			<string>PBXGroup</string>
			<key>name</key>
			<string>Payment Information</string>
			<key>sourceTree</key>
			<string>&lt;group&gt;</string>
		</dict>
		<key>841AA7C117AB2A7D0070858D</key>
		<dict>
			<key>children</key>
			<array>
				<string>841AA7C617AB2ABB0070858D</string>
				<string>841AA7C717AB2ABB0070858D</string>
			</array>
			<key>isa</key>
			<string>PBXGroup</string>
			<key>name</key>
			<string>Item Information</string>
			<key>sourceTree</key>
			<string>&lt;group&gt;</string>
		</dict>
		<key>841AA7C217AB2A820070858D</key>
		<dict>
			<key>children</key>
			<array>
				<string>841AA7C917AB2AC70070858D</string>
				<string>841AA7CA17AB2AC70070858D</string>
			</array>
			<key>isa</key>
			<string>PBXGroup</string>
			<key>name</key>
			<string>Options</string>
			<key>sourceTree</key>
			<string>&lt;group&gt;</string>
		</dict>
		<key>841AA7C317AB2AAF0070858D</key>
		<dict>
			<key>fileEncoding</key>
			<string>4</string>
			<key>isa</key>
			<string>PBXFileReference</string>
			<key>lastKnownFileType</key>
			<string>sourcecode.c.h</string>
			<key>path</key>
			<string>CFPRecentOrderPaymentViewController.h</string>
			<key>sourceTree</key>
			<string>&lt;group&gt;</string>
		</dict>
		<key>841AA7C417AB2AAF0070858D</key>
		<dict>
			<key>fileEncoding</key>
			<string>4</string>
			<key>isa</key>
			<string>PBXFileReference</string>
			<key>lastKnownFileType</key>
			<string>sourcecode.c.objc</string>
			<key>path</key>
			<string>CFPRecentOrderPaymentViewController.m</string>
			<key>sourceTree</key>
			<string>&lt;group&gt;</string>
		</dict>
		<key>841AA7C517AB2AAF0070858D</key>
		<dict>
			<key>fileRef</key>
			<string>841AA7C417AB2AAF0070858D</string>
			<key>isa</key>
			<string>PBXBuildFile</string>
		</dict>
		<key>841AA7C617AB2ABB0070858D</key>
		<dict>
			<key>fileEncoding</key>
			<string>4</string>
			<key>isa</key>
			<string>PBXFileReference</string>
			<key>lastKnownFileType</key>
			<string>sourcecode.c.h</string>
			<key>path</key>
			<string>CFPRecentOrderItemViewController.h</string>
			<key>sourceTree</key>
			<string>&lt;group&gt;</string>
		</dict>
		<key>841AA7C717AB2ABB0070858D</key>
		<dict>
			<key>fileEncoding</key>
			<string>4</string>
			<key>isa</key>
			<string>PBXFileReference</string>
			<key>lastKnownFileType</key>
			<string>sourcecode.c.objc</string>
			<key>path</key>
			<string>CFPRecentOrderItemViewController.m</string>
			<key>sourceTree</key>
			<string>&lt;group&gt;</string>
		</dict>
		<key>841AA7C817AB2ABB0070858D</key>
		<dict>
			<key>fileRef</key>
			<string>841AA7C717AB2ABB0070858D</string>
			<key>isa</key>
			<string>PBXBuildFile</string>
		</dict>
		<key>841AA7C917AB2AC70070858D</key>
		<dict>
			<key>fileEncoding</key>
			<string>4</string>
			<key>isa</key>
			<string>PBXFileReference</string>
			<key>lastKnownFileType</key>
			<string>sourcecode.c.h</string>
			<key>path</key>
			<string>CFPRecentOrderOptionsViewController.h</string>
			<key>sourceTree</key>
			<string>&lt;group&gt;</string>
		</dict>
		<key>841AA7CA17AB2AC70070858D</key>
		<dict>
			<key>fileEncoding</key>
			<string>4</string>
			<key>isa</key>
			<string>PBXFileReference</string>
			<key>lastKnownFileType</key>
			<string>sourcecode.c.objc</string>
			<key>path</key>
			<string>CFPRecentOrderOptionsViewController.m</string>
			<key>sourceTree</key>
			<string>&lt;group&gt;</string>
		</dict>
		<key>841AA7CB17AB2AC70070858D</key>
		<dict>
			<key>fileRef</key>
			<string>841AA7CA17AB2AC70070858D</string>
			<key>isa</key>
			<string>PBXBuildFile</string>
		</dict>
		<key>84583A1917C3EE320055F30D</key>
		<dict>
			<key>children</key>
			<array/>
			<key>isa</key>
			<string>PBXGroup</string>
			<key>name</key>
			<string>RestkitHandler</string>
			<key>sourceTree</key>
			<string>&lt;group&gt;</string>
		</dict>
		<key>84A7E567179F14A8002CE6FD</key>
		<dict>
			<key>children</key>
			<array>
				<string>84A7E579179F14A8002CE6FD</string>
				<string>84A7E572179F14A8002CE6FD</string>
				<string>84A7E571179F14A8002CE6FD</string>
				<string>D50ED0BD5D9141D5825C77A3</string>
			</array>
			<key>isa</key>
			<string>PBXGroup</string>
			<key>sourceTree</key>
			<string>&lt;group&gt;</string>
		</dict>
		<key>84A7E568179F14A8002CE6FD</key>
		<dict>
			<key>attributes</key>
			<dict>
				<key>CLASSPREFIX</key>
				<string>CFP</string>
				<key>LastUpgradeCheck</key>
				<string>0460</string>
				<key>ORGANIZATIONNAME</key>
				<string>Brent Scarafone</string>
			</dict>
			<key>buildConfigurationList</key>
			<string>84A7E56B179F14A8002CE6FD</string>
			<key>compatibilityVersion</key>
			<string>Xcode 3.2</string>
			<key>developmentRegion</key>
			<string>English</string>
			<key>hasScannedForEncodings</key>
			<string>0</string>
			<key>isa</key>
			<string>PBXProject</string>
			<key>knownRegions</key>
			<array>
				<string>en</string>
			</array>
			<key>mainGroup</key>
			<string>84A7E567179F14A8002CE6FD</string>
			<key>productRefGroup</key>
			<string>84A7E571179F14A8002CE6FD</string>
			<key>projectDirPath</key>
			<string></string>
			<key>projectReferences</key>
			<array/>
			<key>projectRoot</key>
			<string></string>
			<key>targets</key>
			<array>
				<string>84A7E56F179F14A8002CE6FD</string>
			</array>
		</dict>
		<key>84A7E56B179F14A8002CE6FD</key>
		<dict>
			<key>buildConfigurations</key>
			<array>
				<string>84A7E591179F14A8002CE6FD</string>
				<string>84A7E592179F14A8002CE6FD</string>
			</array>
			<key>defaultConfigurationIsVisible</key>
			<string>0</string>
			<key>defaultConfigurationName</key>
			<string>Release</string>
			<key>isa</key>
			<string>XCConfigurationList</string>
		</dict>
		<key>84A7E56C179F14A8002CE6FD</key>
		<dict>
			<key>buildActionMask</key>
			<string>2147483647</string>
			<key>files</key>
			<array>
				<string>84A7E580179F14A8002CE6FD</string>
				<string>84A7E584179F14A8002CE6FD</string>
				<string>84A7E590179F14A8002CE6FD</string>
				<string>840CAF3917A8595200843345</string>
				<string>840CAF4517A865EE00843345</string>
				<string>840CAF6F17A9E43100843345</string>
				<string>841AA7BA17AB215F0070858D</string>
				<string>841AA7BE17AB221C0070858D</string>
				<string>841AA7C517AB2AAF0070858D</string>
				<string>841AA7C817AB2ABB0070858D</string>
				<string>841AA7CB17AB2AC70070858D</string>
				<string>84005AB017B1C7FC005B18C1</string>
			</array>
			<key>isa</key>
			<string>PBXSourcesBuildPhase</string>
			<key>runOnlyForDeploymentPostprocessing</key>
			<string>0</string>
		</dict>
		<key>84A7E56D179F14A8002CE6FD</key>
		<dict>
			<key>buildActionMask</key>
			<string>2147483647</string>
			<key>files</key>
			<array>
				<string>84A7E574179F14A8002CE6FD</string>
				<string>84A7E576179F14A8002CE6FD</string>
				<string>84A7E578179F14A8002CE6FD</string>
				<string>B7F6D15A1F3746AFA041474B</string>
			</array>
			<key>isa</key>
			<string>PBXFrameworksBuildPhase</string>
			<key>runOnlyForDeploymentPostprocessing</key>
			<string>0</string>
		</dict>
		<key>84A7E56E179F14A8002CE6FD</key>
		<dict>
			<key>buildActionMask</key>
			<string>2147483647</string>
			<key>files</key>
			<array>
				<string>84A7E57E179F14A8002CE6FD</string>
				<string>84A7E586179F14A8002CE6FD</string>
				<string>84A7E588179F14A8002CE6FD</string>
				<string>84A7E58A179F14A8002CE6FD</string>
				<string>84A7E58D179F14A8002CE6FD</string>
				<string>84A7E599179F1836002CE6FD</string>
				<string>84A7E59A179F1836002CE6FD</string>
				<string>84A7E59F179F4D5C002CE6FD</string>
				<string>84A7E5A0179F4D5C002CE6FD</string>
				<string>840CAF3F17A85D5B00843345</string>
				<string>840CAF4017A85D5B00843345</string>
				<string>840CAF4117A85D5B00843345</string>
				<string>840CAF4217A85D5B00843345</string>
				<string>840CAF4717A88F1A00843345</string>
				<string>840CAF4917A890CF00843345</string>
				<string>840CAF4B17A8927C00843345</string>
				<string>840CAF4D17A8938D00843345</string>
				<string>840CAF4F17A89B2B00843345</string>
				<string>840CAF5717A995E300843345</string>
				<string>840CAF5817A995E300843345</string>
				<string>840CAF5917A995E300843345</string>
				<string>840CAF5A17A995E300843345</string>
				<string>840CAF5B17A995E300843345</string>
				<string>840CAF5C17A995E300843345</string>
				<string>840CAF6017A9B73800843345</string>
				<string>840CAF6217A9B88A00843345</string>
				<string>840CAF6817A9C05100843345</string>
				<string>840CAF6A17A9C32300843345</string>
				<string>841AA7B417AAF0720070858D</string>
				<string>841AA7B617AB06F40070858D</string>
				<string>841813E617B07496004D6306</string>
				<string>84005AA717B187D0005B18C1</string>
				<string>84005AAA17B188AE005B18C1</string>
				<string>84005AAB17B188AE005B18C1</string>
			</array>
			<key>isa</key>
			<string>PBXResourcesBuildPhase</string>
			<key>runOnlyForDeploymentPostprocessing</key>
			<string>0</string>
		</dict>
		<key>84A7E56F179F14A8002CE6FD</key>
		<dict>
			<key>buildConfigurationList</key>
			<string>84A7E593179F14A8002CE6FD</string>
			<key>buildPhases</key>
			<array>
				<string>B91F326D1C3649B7B85E1D57</string>
				<string>84A7E56C179F14A8002CE6FD</string>
				<string>84A7E56D179F14A8002CE6FD</string>
				<string>84A7E56E179F14A8002CE6FD</string>
				<string>E210A94391884C11BE84257E</string>
			</array>
			<key>buildRules</key>
			<array/>
			<key>dependencies</key>
			<array/>
			<key>isa</key>
			<string>PBXNativeTarget</string>
			<key>name</key>
			<string>CheckoutFlowPrototype</string>
			<key>productName</key>
			<string>CheckoutFlowPrototype</string>
			<key>productReference</key>
			<string>84A7E570179F14A8002CE6FD</string>
			<key>productType</key>
			<string>com.apple.product-type.application</string>
		</dict>
		<key>84A7E570179F14A8002CE6FD</key>
		<dict>
			<key>explicitFileType</key>
			<string>wrapper.application</string>
			<key>includeInIndex</key>
			<string>0</string>
			<key>isa</key>
			<string>PBXFileReference</string>
			<key>path</key>
			<string>CheckoutFlowPrototype.app</string>
			<key>sourceTree</key>
			<string>BUILT_PRODUCTS_DIR</string>
		</dict>
		<key>84A7E571179F14A8002CE6FD</key>
		<dict>
			<key>children</key>
			<array>
				<string>84A7E570179F14A8002CE6FD</string>
			</array>
			<key>isa</key>
			<string>PBXGroup</string>
			<key>name</key>
			<string>Products</string>
			<key>sourceTree</key>
			<string>&lt;group&gt;</string>
		</dict>
		<key>84A7E572179F14A8002CE6FD</key>
		<dict>
			<key>children</key>
			<array>
				<string>84A7E573179F14A8002CE6FD</string>
				<string>84A7E575179F14A8002CE6FD</string>
				<string>84A7E577179F14A8002CE6FD</string>
				<string>46C2CF7C0854473EBC145987</string>
			</array>
			<key>isa</key>
			<string>PBXGroup</string>
			<key>name</key>
			<string>Frameworks</string>
			<key>sourceTree</key>
			<string>&lt;group&gt;</string>
		</dict>
		<key>84A7E573179F14A8002CE6FD</key>
		<dict>
			<key>isa</key>
			<string>PBXFileReference</string>
			<key>lastKnownFileType</key>
			<string>wrapper.framework</string>
			<key>name</key>
			<string>UIKit.framework</string>
			<key>path</key>
			<string>System/Library/Frameworks/UIKit.framework</string>
			<key>sourceTree</key>
			<string>SDKROOT</string>
		</dict>
		<key>84A7E574179F14A8002CE6FD</key>
		<dict>
			<key>fileRef</key>
			<string>84A7E573179F14A8002CE6FD</string>
			<key>isa</key>
			<string>PBXBuildFile</string>
		</dict>
		<key>84A7E575179F14A8002CE6FD</key>
		<dict>
			<key>isa</key>
			<string>PBXFileReference</string>
			<key>lastKnownFileType</key>
			<string>wrapper.framework</string>
			<key>name</key>
			<string>Foundation.framework</string>
			<key>path</key>
			<string>System/Library/Frameworks/Foundation.framework</string>
			<key>sourceTree</key>
			<string>SDKROOT</string>
		</dict>
		<key>84A7E576179F14A8002CE6FD</key>
		<dict>
			<key>fileRef</key>
			<string>84A7E575179F14A8002CE6FD</string>
			<key>isa</key>
			<string>PBXBuildFile</string>
		</dict>
		<key>84A7E577179F14A8002CE6FD</key>
		<dict>
			<key>isa</key>
			<string>PBXFileReference</string>
			<key>lastKnownFileType</key>
			<string>wrapper.framework</string>
			<key>name</key>
			<string>CoreGraphics.framework</string>
			<key>path</key>
			<string>System/Library/Frameworks/CoreGraphics.framework</string>
			<key>sourceTree</key>
			<string>SDKROOT</string>
		</dict>
		<key>84A7E578179F14A8002CE6FD</key>
		<dict>
			<key>fileRef</key>
			<string>84A7E577179F14A8002CE6FD</string>
			<key>isa</key>
			<string>PBXBuildFile</string>
		</dict>
		<key>84A7E579179F14A8002CE6FD</key>
		<dict>
			<key>children</key>
			<array>
				<string>84583A1917C3EE320055F30D</string>
				<string>84A7E596179F15F9002CE6FD</string>
				<string>84A7E582179F14A8002CE6FD</string>
				<string>84A7E583179F14A8002CE6FD</string>
				<string>84A7E58B179F14A8002CE6FD</string>
				<string>840CAF4317A865EE00843345</string>
				<string>840CAF4417A865EE00843345</string>
				<string>840CAF6C17A9C35C00843345</string>
				<string>840CAF6B17A9C34B00843345</string>
				<string>84A7E57A179F14A8002CE6FD</string>
			</array>
			<key>isa</key>
			<string>PBXGroup</string>
			<key>path</key>
			<string>CheckoutFlowPrototype</string>
			<key>sourceTree</key>
			<string>&lt;group&gt;</string>
		</dict>
		<key>84A7E57A179F14A8002CE6FD</key>
		<dict>
			<key>children</key>
			<array>
				<string>84A7E57B179F14A8002CE6FD</string>
				<string>84A7E57C179F14A8002CE6FD</string>
				<string>84A7E57F179F14A8002CE6FD</string>
				<string>84A7E581179F14A8002CE6FD</string>
				<string>84A7E585179F14A8002CE6FD</string>
				<string>84A7E587179F14A8002CE6FD</string>
				<string>84A7E589179F14A8002CE6FD</string>
			</array>
			<key>isa</key>
			<string>PBXGroup</string>
			<key>name</key>
			<string>Supporting Files</string>
			<key>sourceTree</key>
			<string>&lt;group&gt;</string>
		</dict>
		<key>84A7E57B179F14A8002CE6FD</key>
		<dict>
			<key>isa</key>
			<string>PBXFileReference</string>
			<key>lastKnownFileType</key>
			<string>text.plist.xml</string>
			<key>path</key>
			<string>CheckoutFlowPrototype-Info.plist</string>
			<key>sourceTree</key>
			<string>&lt;group&gt;</string>
		</dict>
		<key>84A7E57C179F14A8002CE6FD</key>
		<dict>
			<key>children</key>
			<array>
				<string>84A7E57D179F14A8002CE6FD</string>
			</array>
			<key>isa</key>
			<string>PBXVariantGroup</string>
			<key>name</key>
			<string>InfoPlist.strings</string>
			<key>sourceTree</key>
			<string>&lt;group&gt;</string>
		</dict>
		<key>84A7E57D179F14A8002CE6FD</key>
		<dict>
			<key>isa</key>
			<string>PBXFileReference</string>
			<key>lastKnownFileType</key>
			<string>text.plist.strings</string>
			<key>name</key>
			<string>en</string>
			<key>path</key>
			<string>en.lproj/InfoPlist.strings</string>
			<key>sourceTree</key>
			<string>&lt;group&gt;</string>
		</dict>
		<key>84A7E57E179F14A8002CE6FD</key>
		<dict>
			<key>fileRef</key>
			<string>84A7E57C179F14A8002CE6FD</string>
			<key>isa</key>
			<string>PBXBuildFile</string>
		</dict>
		<key>84A7E57F179F14A8002CE6FD</key>
		<dict>
			<key>isa</key>
			<string>PBXFileReference</string>
			<key>lastKnownFileType</key>
			<string>sourcecode.c.objc</string>
			<key>path</key>
			<string>main.m</string>
			<key>sourceTree</key>
			<string>&lt;group&gt;</string>
		</dict>
		<key>84A7E580179F14A8002CE6FD</key>
		<dict>
			<key>fileRef</key>
			<string>84A7E57F179F14A8002CE6FD</string>
			<key>isa</key>
			<string>PBXBuildFile</string>
		</dict>
		<key>84A7E581179F14A8002CE6FD</key>
		<dict>
			<key>isa</key>
			<string>PBXFileReference</string>
			<key>lastKnownFileType</key>
			<string>sourcecode.c.h</string>
			<key>path</key>
			<string>CheckoutFlowPrototype-Prefix.pch</string>
			<key>sourceTree</key>
			<string>&lt;group&gt;</string>
		</dict>
		<key>84A7E582179F14A8002CE6FD</key>
		<dict>
			<key>isa</key>
			<string>PBXFileReference</string>
			<key>lastKnownFileType</key>
			<string>sourcecode.c.h</string>
			<key>path</key>
			<string>CFPAppDelegate.h</string>
			<key>sourceTree</key>
			<string>&lt;group&gt;</string>
		</dict>
		<key>84A7E583179F14A8002CE6FD</key>
		<dict>
			<key>isa</key>
			<string>PBXFileReference</string>
			<key>lastKnownFileType</key>
			<string>sourcecode.c.objc</string>
			<key>path</key>
			<string>CFPAppDelegate.m</string>
			<key>sourceTree</key>
			<string>&lt;group&gt;</string>
		</dict>
		<key>84A7E584179F14A8002CE6FD</key>
		<dict>
			<key>fileRef</key>
			<string>84A7E583179F14A8002CE6FD</string>
			<key>isa</key>
			<string>PBXBuildFile</string>
		</dict>
		<key>84A7E585179F14A8002CE6FD</key>
		<dict>
			<key>isa</key>
			<string>PBXFileReference</string>
			<key>lastKnownFileType</key>
			<string>image.png</string>
			<key>path</key>
			<string>Default.png</string>
			<key>sourceTree</key>
			<string>&lt;group&gt;</string>
		</dict>
		<key>84A7E586179F14A8002CE6FD</key>
		<dict>
			<key>fileRef</key>
			<string>84A7E585179F14A8002CE6FD</string>
			<key>isa</key>
			<string>PBXBuildFile</string>
		</dict>
		<key>84A7E587179F14A8002CE6FD</key>
		<dict>
			<key>isa</key>
			<string>PBXFileReference</string>
			<key>lastKnownFileType</key>
			<string>image.png</string>
			<key>path</key>
			<string>Default@2x.png</string>
			<key>sourceTree</key>
			<string>&lt;group&gt;</string>
		</dict>
		<key>84A7E588179F14A8002CE6FD</key>
		<dict>
			<key>fileRef</key>
			<string>84A7E587179F14A8002CE6FD</string>
			<key>isa</key>
			<string>PBXBuildFile</string>
		</dict>
		<key>84A7E589179F14A8002CE6FD</key>
		<dict>
			<key>isa</key>
			<string>PBXFileReference</string>
			<key>lastKnownFileType</key>
			<string>image.png</string>
			<key>path</key>
			<string>Default-568h@2x.png</string>
			<key>sourceTree</key>
			<string>&lt;group&gt;</string>
		</dict>
		<key>84A7E58A179F14A8002CE6FD</key>
		<dict>
			<key>fileRef</key>
			<string>84A7E589179F14A8002CE6FD</string>
			<key>isa</key>
			<string>PBXBuildFile</string>
		</dict>
		<key>84A7E58B179F14A8002CE6FD</key>
		<dict>
			<key>children</key>
			<array>
				<string>84A7E58C179F14A8002CE6FD</string>
			</array>
			<key>isa</key>
			<string>PBXVariantGroup</string>
			<key>name</key>
			<string>MainStoryboard.storyboard</string>
			<key>sourceTree</key>
			<string>&lt;group&gt;</string>
		</dict>
		<key>84A7E58C179F14A8002CE6FD</key>
		<dict>
			<key>isa</key>
			<string>PBXFileReference</string>
			<key>lastKnownFileType</key>
			<string>file.storyboard</string>
			<key>name</key>
			<string>en</string>
			<key>path</key>
			<string>en.lproj/MainStoryboard.storyboard</string>
			<key>sourceTree</key>
			<string>&lt;group&gt;</string>
		</dict>
		<key>84A7E58D179F14A8002CE6FD</key>
		<dict>
			<key>fileRef</key>
			<string>84A7E58B179F14A8002CE6FD</string>
			<key>isa</key>
			<string>PBXBuildFile</string>
		</dict>
		<key>84A7E58E179F14A8002CE6FD</key>
		<dict>
			<key>isa</key>
			<string>PBXFileReference</string>
			<key>lastKnownFileType</key>
			<string>sourcecode.c.h</string>
			<key>path</key>
			<string>CFPViewController.h</string>
			<key>sourceTree</key>
			<string>&lt;group&gt;</string>
		</dict>
		<key>84A7E58F179F14A8002CE6FD</key>
		<dict>
			<key>isa</key>
			<string>PBXFileReference</string>
			<key>lastKnownFileType</key>
			<string>sourcecode.c.objc</string>
			<key>path</key>
			<string>CFPViewController.m</string>
			<key>sourceTree</key>
			<string>&lt;group&gt;</string>
		</dict>
		<key>84A7E590179F14A8002CE6FD</key>
		<dict>
			<key>fileRef</key>
			<string>84A7E58F179F14A8002CE6FD</string>
			<key>isa</key>
			<string>PBXBuildFile</string>
		</dict>
		<key>84A7E591179F14A8002CE6FD</key>
		<dict>
			<key>buildSettings</key>
			<dict>
				<key>ALWAYS_SEARCH_USER_PATHS</key>
				<string>NO</string>
				<key>CLANG_CXX_LANGUAGE_STANDARD</key>
				<string>gnu++0x</string>
				<key>CLANG_CXX_LIBRARY</key>
				<string>libc++</string>
				<key>CLANG_ENABLE_OBJC_ARC</key>
				<string>YES</string>
				<key>CLANG_WARN_CONSTANT_CONVERSION</key>
				<string>YES</string>
				<key>CLANG_WARN_EMPTY_BODY</key>
				<string>YES</string>
				<key>CLANG_WARN_ENUM_CONVERSION</key>
				<string>YES</string>
				<key>CLANG_WARN_INT_CONVERSION</key>
				<string>YES</string>
				<key>CLANG_WARN__DUPLICATE_METHOD_MATCH</key>
				<string>YES</string>
				<key>CODE_SIGN_IDENTITY[sdk=iphoneos*]</key>
				<string>iPhone Developer</string>
				<key>COPY_PHASE_STRIP</key>
				<string>NO</string>
				<key>GCC_C_LANGUAGE_STANDARD</key>
				<string>gnu99</string>
				<key>GCC_DYNAMIC_NO_PIC</key>
				<string>NO</string>
				<key>GCC_OPTIMIZATION_LEVEL</key>
				<string>0</string>
				<key>GCC_PREPROCESSOR_DEFINITIONS</key>
				<array>
					<string>DEBUG=1</string>
					<string>$(inherited)</string>
				</array>
				<key>GCC_SYMBOLS_PRIVATE_EXTERN</key>
				<string>NO</string>
				<key>GCC_WARN_ABOUT_RETURN_TYPE</key>
				<string>YES</string>
				<key>GCC_WARN_UNINITIALIZED_AUTOS</key>
				<string>YES</string>
				<key>GCC_WARN_UNUSED_VARIABLE</key>
				<string>YES</string>
				<key>IPHONEOS_DEPLOYMENT_TARGET</key>
				<string>6.1</string>
				<key>ONLY_ACTIVE_ARCH</key>
				<string>YES</string>
				<key>SDKROOT</key>
				<string>iphoneos</string>
				<key>TARGETED_DEVICE_FAMILY</key>
				<string>2</string>
			</dict>
			<key>isa</key>
			<string>XCBuildConfiguration</string>
			<key>name</key>
			<string>Debug</string>
		</dict>
		<key>84A7E592179F14A8002CE6FD</key>
		<dict>
			<key>buildSettings</key>
			<dict>
				<key>ALWAYS_SEARCH_USER_PATHS</key>
				<string>NO</string>
				<key>CLANG_CXX_LANGUAGE_STANDARD</key>
				<string>gnu++0x</string>
				<key>CLANG_CXX_LIBRARY</key>
				<string>libc++</string>
				<key>CLANG_ENABLE_OBJC_ARC</key>
				<string>YES</string>
				<key>CLANG_WARN_CONSTANT_CONVERSION</key>
				<string>YES</string>
				<key>CLANG_WARN_EMPTY_BODY</key>
				<string>YES</string>
				<key>CLANG_WARN_ENUM_CONVERSION</key>
				<string>YES</string>
				<key>CLANG_WARN_INT_CONVERSION</key>
				<string>YES</string>
				<key>CLANG_WARN__DUPLICATE_METHOD_MATCH</key>
				<string>YES</string>
				<key>CODE_SIGN_IDENTITY[sdk=iphoneos*]</key>
				<string>iPhone Developer</string>
				<key>COPY_PHASE_STRIP</key>
				<string>YES</string>
				<key>GCC_C_LANGUAGE_STANDARD</key>
				<string>gnu99</string>
				<key>GCC_WARN_ABOUT_RETURN_TYPE</key>
				<string>YES</string>
				<key>GCC_WARN_UNINITIALIZED_AUTOS</key>
				<string>YES</string>
				<key>GCC_WARN_UNUSED_VARIABLE</key>
				<string>YES</string>
				<key>IPHONEOS_DEPLOYMENT_TARGET</key>
				<string>6.1</string>
				<key>OTHER_CFLAGS</key>
				<string>-DNS_BLOCK_ASSERTIONS=1</string>
				<key>SDKROOT</key>
				<string>iphoneos</string>
				<key>TARGETED_DEVICE_FAMILY</key>
				<string>2</string>
				<key>VALIDATE_PRODUCT</key>
				<string>YES</string>
			</dict>
			<key>isa</key>
			<string>XCBuildConfiguration</string>
			<key>name</key>
			<string>Release</string>
		</dict>
		<key>84A7E593179F14A8002CE6FD</key>
		<dict>
			<key>buildConfigurations</key>
			<array>
				<string>84A7E594179F14A8002CE6FD</string>
				<string>84A7E595179F14A8002CE6FD</string>
			</array>
			<key>defaultConfigurationIsVisible</key>
			<string>0</string>
			<key>defaultConfigurationName</key>
			<string>Release</string>
			<key>isa</key>
			<string>XCConfigurationList</string>
		</dict>
		<key>84A7E594179F14A8002CE6FD</key>
		<dict>
			<key>baseConfigurationReference</key>
			<string>D50ED0BD5D9141D5825C77A3</string>
			<key>buildSettings</key>
			<dict>
				<key>GCC_PRECOMPILE_PREFIX_HEADER</key>
				<string>YES</string>
				<key>GCC_PREFIX_HEADER</key>
				<string>CheckoutFlowPrototype/CheckoutFlowPrototype-Prefix.pch</string>
				<key>INFOPLIST_FILE</key>
				<string>CheckoutFlowPrototype/CheckoutFlowPrototype-Info.plist</string>
				<key>PRODUCT_NAME</key>
				<string>$(TARGET_NAME)</string>
				<key>WRAPPER_EXTENSION</key>
				<string>app</string>
			</dict>
			<key>isa</key>
			<string>XCBuildConfiguration</string>
			<key>name</key>
			<string>Debug</string>
		</dict>
		<key>84A7E595179F14A8002CE6FD</key>
		<dict>
			<key>baseConfigurationReference</key>
			<string>D50ED0BD5D9141D5825C77A3</string>
			<key>buildSettings</key>
			<dict>
				<key>GCC_PRECOMPILE_PREFIX_HEADER</key>
				<string>YES</string>
				<key>GCC_PREFIX_HEADER</key>
				<string>CheckoutFlowPrototype/CheckoutFlowPrototype-Prefix.pch</string>
				<key>INFOPLIST_FILE</key>
				<string>CheckoutFlowPrototype/CheckoutFlowPrototype-Info.plist</string>
				<key>PRODUCT_NAME</key>
				<string>$(TARGET_NAME)</string>
				<key>WRAPPER_EXTENSION</key>
				<string>app</string>
			</dict>
			<key>isa</key>
			<string>XCBuildConfiguration</string>
			<key>name</key>
			<string>Release</string>
		</dict>
		<key>84A7E596179F15F9002CE6FD</key>
		<dict>
			<key>children</key>
			<array>
				<string>84A7E5A1179F4D62002CE6FD</string>
				<string>84A7E59B179F183A002CE6FD</string>
			</array>
			<key>isa</key>
			<string>PBXGroup</string>
			<key>name</key>
			<string>Assets</string>
			<key>sourceTree</key>
			<string>&lt;group&gt;</string>
		</dict>
		<key>84A7E597179F1836002CE6FD</key>
		<dict>
			<key>isa</key>
			<string>PBXFileReference</string>
			<key>lastKnownFileType</key>
			<string>image.png</string>
			<key>path</key>
			<string>background-wrapper.png</string>
			<key>sourceTree</key>
			<string>&lt;group&gt;</string>
		</dict>
		<key>84A7E598179F1836002CE6FD</key>
		<dict>
			<key>isa</key>
			<string>PBXFileReference</string>
			<key>lastKnownFileType</key>
			<string>image.png</string>
			<key>path</key>
			<string>background-wrapper@2x.png</string>
			<key>sourceTree</key>
			<string>&lt;group&gt;</string>
		</dict>
		<key>84A7E599179F1836002CE6FD</key>
		<dict>
			<key>fileRef</key>
			<string>84A7E597179F1836002CE6FD</string>
			<key>isa</key>
			<string>PBXBuildFile</string>
		</dict>
		<key>84A7E59A179F1836002CE6FD</key>
		<dict>
			<key>fileRef</key>
			<string>84A7E598179F1836002CE6FD</string>
			<key>isa</key>
			<string>PBXBuildFile</string>
		</dict>
		<key>84A7E59B179F183A002CE6FD</key>
		<dict>
			<key>children</key>
			<array>
				<string>84A7E597179F1836002CE6FD</string>
				<string>84A7E598179F1836002CE6FD</string>
			</array>
			<key>isa</key>
			<string>PBXGroup</string>
			<key>name</key>
			<string>Backgrounds</string>
			<key>sourceTree</key>
			<string>&lt;group&gt;</string>
		</dict>
		<key>84A7E59D179F4D5C002CE6FD</key>
		<dict>
			<key>isa</key>
			<string>PBXFileReference</string>
			<key>lastKnownFileType</key>
			<string>image.png</string>
			<key>path</key>
			<string>cancel-button.png</string>
			<key>sourceTree</key>
			<string>&lt;group&gt;</string>
		</dict>
		<key>84A7E59E179F4D5C002CE6FD</key>
		<dict>
			<key>isa</key>
			<string>PBXFileReference</string>
			<key>lastKnownFileType</key>
			<string>image.png</string>
			<key>path</key>
			<string>cancel-button@2x.png</string>
			<key>sourceTree</key>
			<string>&lt;group&gt;</string>
		</dict>
		<key>84A7E59F179F4D5C002CE6FD</key>
		<dict>
			<key>fileRef</key>
			<string>84A7E59D179F4D5C002CE6FD</string>
			<key>isa</key>
			<string>PBXBuildFile</string>
		</dict>
		<key>84A7E5A0179F4D5C002CE6FD</key>
		<dict>
			<key>fileRef</key>
			<string>84A7E59E179F4D5C002CE6FD</string>
			<key>isa</key>
			<string>PBXBuildFile</string>
		</dict>
		<key>84A7E5A1179F4D62002CE6FD</key>
		<dict>
			<key>children</key>
			<array>
				<string>84005AA817B188AE005B18C1</string>
				<string>84005AA917B188AE005B18C1</string>
				<string>84005AA617B187D0005B18C1</string>
				<string>841813E517B07495004D6306</string>
				<string>841AA7B517AB06F40070858D</string>
				<string>841AA7B317AAF0720070858D</string>
				<string>840CAF6717A9C05000843345</string>
				<string>840CAF6117A9B88900843345</string>
				<string>840CAF5F17A9B73700843345</string>
				<string>840CAF5117A995E200843345</string>
				<string>840CAF5217A995E200843345</string>
				<string>840CAF5317A995E200843345</string>
				<string>840CAF5417A995E200843345</string>
				<string>840CAF5517A995E200843345</string>
				<string>840CAF5617A995E200843345</string>
				<string>840CAF4E17A89B2B00843345</string>
				<string>840CAF4C17A8938D00843345</string>
				<string>840CAF4A17A8927C00843345</string>
				<string>840CAF4817A890CF00843345</string>
				<string>840CAF3B17A85D5B00843345</string>
				<string>840CAF3C17A85D5B00843345</string>
				<string>840CAF3D17A85D5B00843345</string>
				<string>840CAF3E17A85D5B00843345</string>
				<string>84A7E59D179F4D5C002CE6FD</string>
				<string>84A7E59E179F4D5C002CE6FD</string>
			</array>
			<key>isa</key>
			<string>PBXGroup</string>
			<key>name</key>
			<string>Buttons</string>
			<key>sourceTree</key>
			<string>&lt;group&gt;</string>
		</dict>
		<key>B7F6D15A1F3746AFA041474B</key>
		<dict>
			<key>fileRef</key>
			<string>46C2CF7C0854473EBC145987</string>
			<key>isa</key>
			<string>PBXBuildFile</string>
		</dict>
		<key>B91F326D1C3649B7B85E1D57</key>
		<dict>
			<key>buildActionMask</key>
			<string>2147483647</string>
			<key>files</key>
			<array/>
			<key>inputPaths</key>
			<array/>
			<key>isa</key>
			<string>PBXShellScriptBuildPhase</string>
			<key>name</key>
			<string>Check Pods Manifest.lock</string>
			<key>outputPaths</key>
			<array/>
			<key>runOnlyForDeploymentPostprocessing</key>
			<string>0</string>
			<key>shellPath</key>
			<string>/bin/sh</string>
			<key>shellScript</key>
			<string>diff "${PODS_ROOT}/../Podfile.lock" "${PODS_ROOT}/Manifest.lock" &gt; /dev/null
if [[ $? != 0 ]] ; then
    cat &lt;&lt; EOM
error: The sandbox is not in sync with the Podfile.lock. Run 'pod install' or update your CocoaPods installation.
EOM
    exit 1
fi
</string>
			<key>showEnvVarsInLog</key>
			<string>0</string>
		</dict>
		<key>D50ED0BD5D9141D5825C77A3</key>
		<dict>
			<key>includeInIndex</key>
			<string>1</string>
			<key>isa</key>
			<string>PBXFileReference</string>
			<key>lastKnownFileType</key>
			<string>text.xcconfig</string>
			<key>name</key>
			<string>Pods.xcconfig</string>
			<key>path</key>
			<string>Pods/Pods.xcconfig</string>
			<key>sourceTree</key>
			<string>SOURCE_ROOT</string>
		</dict>
		<key>E210A94391884C11BE84257E</key>
		<dict>
			<key>buildActionMask</key>
			<string>2147483647</string>
			<key>files</key>
			<array/>
			<key>inputPaths</key>
			<array/>
			<key>isa</key>
			<string>PBXShellScriptBuildPhase</string>
			<key>name</key>
			<string>Copy Pods Resources</string>
			<key>outputPaths</key>
			<array/>
			<key>runOnlyForDeploymentPostprocessing</key>
			<string>0</string>
			<key>shellPath</key>
			<string>/bin/sh</string>
			<key>shellScript</key>
			<string>"${SRCROOT}/Pods/Pods-resources.sh"
</string>
			<key>showEnvVarsInLog</key>
			<string>0</string>
		</dict>
	</dict>
	<key>rootObject</key>
	<string>84A7E568179F14A8002CE6FD</string>
</dict>
</plist>
